
Microsoft Visual Studio Solution File, Format Version 12.00
# Visual Studio Version 17
VisualStudioVersion = 17.4.33213.308
MinimumVisualStudioVersion = 10.0.40219.1
Project("{FAE04EC0-301F-11D3-BF4B-00C04F79EFBC}") = "VSIXFrameworkWpfDemo", "VSIXFrameworkWpfDemo\VSIXFrameworkWpfDemo.csproj", "{A1B0CB46-9F55-4F7B-A79C-4F036E23E16B}"
EndProject
Project("{FAE04EC0-301F-11D3-BF4B-00C04F79EFBC}") = "VSIXFrameworkDemo", "VSIXFrameworkDemo\VSIXFrameworkDemo.csproj", "{D3D46662-17E5-4301-AA7D-9777035EECCD}"
EndProject
Project("{FAE04EC0-301F-11D3-BF4B-00C04F79EFBC}") = "VSIXFrameworkEmptyDemo", "VSIXFrameworkEmptyDemo\VSIXFrameworkEmptyDemo.csproj", "{B9EF086D-71DA-4557-92D7-E07D586C183E}"
EndProject
Global
	GlobalSection(SolutionConfigurationPlatforms) = preSolution
		Debug|Any CPU = Debug|Any CPU
		Debug|arm64 = Debug|arm64
		Debug|x86 = Debug|x86
		Release|Any CPU = Release|Any CPU
		Release|arm64 = Release|arm64
		Release|x86 = Release|x86
	EndGlobalSection
	GlobalSection(ProjectConfigurationPlatforms) = postSolution
		{A1B0CB46-9F55-4F7B-A79C-4F036E23E16B}.Debug|Any CPU.ActiveCfg = Debug|Any CPU
		{A1B0CB46-9F55-4F7B-A79C-4F036E23E16B}.Debug|Any CPU.Build.0 = Debug|Any CPU
		{A1B0CB46-9F55-4F7B-A79C-4F036E23E16B}.Debug|arm64.ActiveCfg = Debug|Any CPU
		{A1B0CB46-9F55-4F7B-A79C-4F036E23E16B}.Debug|arm64.Build.0 = Debug|Any CPU
		{A1B0CB46-9F55-4F7B-A79C-4F036E23E16B}.Debug|x86.ActiveCfg = Debug|Any CPU
		{A1B0CB46-9F55-4F7B-A79C-4F036E23E16B}.Debug|x86.Build.0 = Debug|Any CPU
		{A1B0CB46-9F55-4F7B-A79C-4F036E23E16B}.Release|Any CPU.ActiveCfg = Release|Any CPU
		{A1B0CB46-9F55-4F7B-A79C-4F036E23E16B}.Release|Any CPU.Build.0 = Release|Any CPU
		{A1B0CB46-9F55-4F7B-A79C-4F036E23E16B}.Release|arm64.ActiveCfg = Release|Any CPU
		{A1B0CB46-9F55-4F7B-A79C-4F036E23E16B}.Release|arm64.Build.0 = Release|Any CPU
		{A1B0CB46-9F55-4F7B-A79C-4F036E23E16B}.Release|x86.ActiveCfg = Release|Any CPU
		{A1B0CB46-9F55-4F7B-A79C-4F036E23E16B}.Release|x86.Build.0 = Release|Any CPU
		{D3D46662-17E5-4301-AA7D-9777035EECCD}.Debug|Any CPU.ActiveCfg = Debug|Any CPU
		{D3D46662-17E5-4301-AA7D-9777035EECCD}.Debug|Any CPU.Build.0 = Debug|Any CPU
		{D3D46662-17E5-4301-AA7D-9777035EECCD}.Debug|arm64.ActiveCfg = Debug|arm64
		{D3D46662-17E5-4301-AA7D-9777035EECCD}.Debug|arm64.Build.0 = Debug|arm64
		{D3D46662-17E5-4301-AA7D-9777035EECCD}.Debug|x86.ActiveCfg = Debug|x86
		{D3D46662-17E5-4301-AA7D-9777035EECCD}.Debug|x86.Build.0 = Debug|x86
		{D3D46662-17E5-4301-AA7D-9777035EECCD}.Release|Any CPU.ActiveCfg = Release|Any CPU
		{D3D46662-17E5-4301-AA7D-9777035EECCD}.Release|Any CPU.Build.0 = Release|Any CPU
		{D3D46662-17E5-4301-AA7D-9777035EECCD}.Release|arm64.ActiveCfg = Release|arm64
		{D3D46662-17E5-4301-AA7D-9777035EECCD}.Release|arm64.Build.0 = Release|arm64
		{D3D46662-17E5-4301-AA7D-9777035EECCD}.Release|x86.ActiveCfg = Release|x86
		{D3D46662-17E5-4301-AA7D-9777035EECCD}.Release|x86.Build.0 = Release|x86
		{B9EF086D-71DA-4557-92D7-E07D586C183E}.Debug|Any CPU.ActiveCfg = Debug|Any CPU
		{B9EF086D-71DA-4557-92D7-E07D586C183E}.Debug|Any CPU.Build.0 = Debug|Any CPU
		{B9EF086D-71DA-4557-92D7-E07D586C183E}.Debug|arm64.ActiveCfg = Debug|arm64
		{B9EF086D-71DA-4557-92D7-E07D586C183E}.Debug|arm64.Build.0 = Debug|arm64
		{B9EF086D-71DA-4557-92D7-E07D586C183E}.Debug|x86.ActiveCfg = Debug|x86
		{B9EF086D-71DA-4557-92D7-E07D586C183E}.Debug|x86.Build.0 = Debug|x86
		{B9EF086D-71DA-4557-92D7-E07D586C183E}.Release|Any CPU.ActiveCfg = Release|Any CPU
		{B9EF086D-71DA-4557-92D7-E07D586C183E}.Release|Any CPU.Build.0 = Release|Any CPU
		{B9EF086D-71DA-4557-92D7-E07D586C183E}.Release|arm64.ActiveCfg = Release|arm64
		{B9EF086D-71DA-4557-92D7-E07D586C183E}.Release|arm64.Build.0 = Release|arm64
		{B9EF086D-71DA-4557-92D7-E07D586C183E}.Release|x86.ActiveCfg = Release|x86
		{B9EF086D-71DA-4557-92D7-E07D586C183E}.Release|x86.Build.0 = Release|x86
	EndGlobalSection
	GlobalSection(SolutionProperties) = preSolution
		HideSolutionNode = FALSE
	EndGlobalSection
	GlobalSection(ExtensibilityGlobals) = postSolution
		SolutionGuid = {C7D7C89F-7C0D-448B-8876-9B0CF828B852}
	EndGlobalSection
EndGlobal
