
Microsoft Visual Studio Solution File, Format Version 12.00
# Visual Studio Version 16
VisualStudioVersion = 16.0.31105.61
MinimumVisualStudioVersion = 15.0.26124.0
Project("{9A19103F-16F7-4668-BE54-9A1E7A4F7556}") = "Worker", "worker\Worker.csproj", "{0E707702-0D28-49B0-82E5-7F75E58DFA28}"
EndProject
Project("{9A19103F-16F7-4668-BE54-9A1E7A4F7556}") = "Command", "command\Command.csproj", "{1513F442-6006-40FE-A620-D2071743FE81}"
EndProject
Project("{9A19103F-16F7-4668-BE54-9A1E7A4F7556}") = "UiPanel", "uipanel\UiPanel.csproj", "{36462762-A81F-4370-B65A-51DF5F3F739C}"
EndProject
Project("{9A19103F-16F7-4668-BE54-9A1E7A4F7556}") = "FastCGI", "fastcgi\FastCGI.csproj", "{8194B889-9BD4-4DA2-A676-EB24D57DB8FB}"
EndProject
Project("{9A19103F-16F7-4668-BE54-9A1E7A4F7556}") = "WebSocket", "websock\WebSocket.csproj", "{C22E78C6-2D00-4CA6-A202-36718352135C}"
EndProject
Project("{FAE04EC0-301F-11D3-BF4B-00C04F79EFBC}") = "Resp", "Resp\Resp.csproj", "{4F88299A-11CE-41D4-8AF4-CDBE8597FFDF}"
EndProject
Global
	GlobalSection(SolutionConfigurationPlatforms) = preSolution
		Debug|Any CPU = Debug|Any CPU
		Debug|x64 = Debug|x64
		Debug|x86 = Debug|x86
		Release|Any CPU = Release|Any CPU
		Release|x64 = Release|x64
		Release|x86 = Release|x86
	EndGlobalSection
	GlobalSection(ProjectConfigurationPlatforms) = postSolution
		{0E707702-0D28-49B0-82E5-7F75E58DFA28}.Debug|Any CPU.ActiveCfg = Debug|Any CPU
		{0E707702-0D28-49B0-82E5-7F75E58DFA28}.Debug|Any CPU.Build.0 = Debug|Any CPU
		{0E707702-0D28-49B0-82E5-7F75E58DFA28}.Debug|x64.ActiveCfg = Debug|Any CPU
		{0E707702-0D28-49B0-82E5-7F75E58DFA28}.Debug|x64.Build.0 = Debug|Any CPU
		{0E707702-0D28-49B0-82E5-7F75E58DFA28}.Debug|x86.ActiveCfg = Debug|Any CPU
		{0E707702-0D28-49B0-82E5-7F75E58DFA28}.Debug|x86.Build.0 = Debug|Any CPU
		{0E707702-0D28-49B0-82E5-7F75E58DFA28}.Release|Any CPU.ActiveCfg = Release|Any CPU
		{0E707702-0D28-49B0-82E5-7F75E58DFA28}.Release|Any CPU.Build.0 = Release|Any CPU
		{0E707702-0D28-49B0-82E5-7F75E58DFA28}.Release|x64.ActiveCfg = Release|Any CPU
		{0E707702-0D28-49B0-82E5-7F75E58DFA28}.Release|x64.Build.0 = Release|Any CPU
		{0E707702-0D28-49B0-82E5-7F75E58DFA28}.Release|x86.ActiveCfg = Release|Any CPU
		{0E707702-0D28-49B0-82E5-7F75E58DFA28}.Release|x86.Build.0 = Release|Any CPU
		{1513F442-6006-40FE-A620-D2071743FE81}.Debug|Any CPU.ActiveCfg = Debug|Any CPU
		{1513F442-6006-40FE-A620-D2071743FE81}.Debug|Any CPU.Build.0 = Debug|Any CPU
		{1513F442-6006-40FE-A620-D2071743FE81}.Debug|x64.ActiveCfg = Debug|Any CPU
		{1513F442-6006-40FE-A620-D2071743FE81}.Debug|x64.Build.0 = Debug|Any CPU
		{1513F442-6006-40FE-A620-D2071743FE81}.Debug|x86.ActiveCfg = Debug|Any CPU
		{1513F442-6006-40FE-A620-D2071743FE81}.Debug|x86.Build.0 = Debug|Any CPU
		{1513F442-6006-40FE-A620-D2071743FE81}.Release|Any CPU.ActiveCfg = Release|Any CPU
		{1513F442-6006-40FE-A620-D2071743FE81}.Release|Any CPU.Build.0 = Release|Any CPU
		{1513F442-6006-40FE-A620-D2071743FE81}.Release|x64.ActiveCfg = Release|Any CPU
		{1513F442-6006-40FE-A620-D2071743FE81}.Release|x64.Build.0 = Release|Any CPU
		{1513F442-6006-40FE-A620-D2071743FE81}.Release|x86.ActiveCfg = Release|Any CPU
		{1513F442-6006-40FE-A620-D2071743FE81}.Release|x86.Build.0 = Release|Any CPU
		{36462762-A81F-4370-B65A-51DF5F3F739C}.Debug|Any CPU.ActiveCfg = Debug|Any CPU
		{36462762-A81F-4370-B65A-51DF5F3F739C}.Debug|Any CPU.Build.0 = Debug|Any CPU
		{36462762-A81F-4370-B65A-51DF5F3F739C}.Debug|x64.ActiveCfg = Debug|Any CPU
		{36462762-A81F-4370-B65A-51DF5F3F739C}.Debug|x64.Build.0 = Debug|Any CPU
		{36462762-A81F-4370-B65A-51DF5F3F739C}.Debug|x86.ActiveCfg = Debug|Any CPU
		{36462762-A81F-4370-B65A-51DF5F3F739C}.Debug|x86.Build.0 = Debug|Any CPU
		{36462762-A81F-4370-B65A-51DF5F3F739C}.Release|Any CPU.ActiveCfg = Release|Any CPU
		{36462762-A81F-4370-B65A-51DF5F3F739C}.Release|Any CPU.Build.0 = Release|Any CPU
		{36462762-A81F-4370-B65A-51DF5F3F739C}.Release|x64.ActiveCfg = Release|Any CPU
		{36462762-A81F-4370-B65A-51DF5F3F739C}.Release|x64.Build.0 = Release|Any CPU
		{36462762-A81F-4370-B65A-51DF5F3F739C}.Release|x86.ActiveCfg = Release|Any CPU
		{36462762-A81F-4370-B65A-51DF5F3F739C}.Release|x86.Build.0 = Release|Any CPU
		{8194B889-9BD4-4DA2-A676-EB24D57DB8FB}.Debug|Any CPU.ActiveCfg = Debug|Any CPU
		{8194B889-9BD4-4DA2-A676-EB24D57DB8FB}.Debug|Any CPU.Build.0 = Debug|Any CPU
		{8194B889-9BD4-4DA2-A676-EB24D57DB8FB}.Debug|x64.ActiveCfg = Debug|Any CPU
		{8194B889-9BD4-4DA2-A676-EB24D57DB8FB}.Debug|x64.Build.0 = Debug|Any CPU
		{8194B889-9BD4-4DA2-A676-EB24D57DB8FB}.Debug|x86.ActiveCfg = Debug|Any CPU
		{8194B889-9BD4-4DA2-A676-EB24D57DB8FB}.Debug|x86.Build.0 = Debug|Any CPU
		{8194B889-9BD4-4DA2-A676-EB24D57DB8FB}.Release|Any CPU.ActiveCfg = Release|Any CPU
		{8194B889-9BD4-4DA2-A676-EB24D57DB8FB}.Release|Any CPU.Build.0 = Release|Any CPU
		{8194B889-9BD4-4DA2-A676-EB24D57DB8FB}.Release|x64.ActiveCfg = Release|Any CPU
		{8194B889-9BD4-4DA2-A676-EB24D57DB8FB}.Release|x64.Build.0 = Release|Any CPU
		{8194B889-9BD4-4DA2-A676-EB24D57DB8FB}.Release|x86.ActiveCfg = Release|Any CPU
		{8194B889-9BD4-4DA2-A676-EB24D57DB8FB}.Release|x86.Build.0 = Release|Any CPU
		{C22E78C6-2D00-4CA6-A202-36718352135C}.Debug|Any CPU.ActiveCfg = Debug|Any CPU
		{C22E78C6-2D00-4CA6-A202-36718352135C}.Debug|Any CPU.Build.0 = Debug|Any CPU
		{C22E78C6-2D00-4CA6-A202-36718352135C}.Debug|x64.ActiveCfg = Debug|Any CPU
		{C22E78C6-2D00-4CA6-A202-36718352135C}.Debug|x64.Build.0 = Debug|Any CPU
		{C22E78C6-2D00-4CA6-A202-36718352135C}.Debug|x86.ActiveCfg = Debug|Any CPU
		{C22E78C6-2D00-4CA6-A202-36718352135C}.Debug|x86.Build.0 = Debug|Any CPU
		{C22E78C6-2D00-4CA6-A202-36718352135C}.Release|Any CPU.ActiveCfg = Release|Any CPU
		{C22E78C6-2D00-4CA6-A202-36718352135C}.Release|Any CPU.Build.0 = Release|Any CPU
		{C22E78C6-2D00-4CA6-A202-36718352135C}.Release|x64.ActiveCfg = Release|Any CPU
		{C22E78C6-2D00-4CA6-A202-36718352135C}.Release|x64.Build.0 = Release|Any CPU
		{C22E78C6-2D00-4CA6-A202-36718352135C}.Release|x86.ActiveCfg = Release|Any CPU
		{C22E78C6-2D00-4CA6-A202-36718352135C}.Release|x86.Build.0 = Release|Any CPU
		{4F88299A-11CE-41D4-8AF4-CDBE8597FFDF}.Debug|Any CPU.ActiveCfg = Debug|Any CPU
		{4F88299A-11CE-41D4-8AF4-CDBE8597FFDF}.Debug|Any CPU.Build.0 = Debug|Any CPU
		{4F88299A-11CE-41D4-8AF4-CDBE8597FFDF}.Debug|x64.ActiveCfg = Debug|Any CPU
		{4F88299A-11CE-41D4-8AF4-CDBE8597FFDF}.Debug|x64.Build.0 = Debug|Any CPU
		{4F88299A-11CE-41D4-8AF4-CDBE8597FFDF}.Debug|x86.ActiveCfg = Debug|Any CPU
		{4F88299A-11CE-41D4-8AF4-CDBE8597FFDF}.Debug|x86.Build.0 = Debug|Any CPU
		{4F88299A-11CE-41D4-8AF4-CDBE8597FFDF}.Release|Any CPU.ActiveCfg = Release|Any CPU
		{4F88299A-11CE-41D4-8AF4-CDBE8597FFDF}.Release|Any CPU.Build.0 = Release|Any CPU
		{4F88299A-11CE-41D4-8AF4-CDBE8597FFDF}.Release|x64.ActiveCfg = Release|Any CPU
		{4F88299A-11CE-41D4-8AF4-CDBE8597FFDF}.Release|x64.Build.0 = Release|Any CPU
		{4F88299A-11CE-41D4-8AF4-CDBE8597FFDF}.Release|x86.ActiveCfg = Release|Any CPU
		{4F88299A-11CE-41D4-8AF4-CDBE8597FFDF}.Release|x86.Build.0 = Release|Any CPU
	EndGlobalSection
	GlobalSection(SolutionProperties) = preSolution
		HideSolutionNode = FALSE
	EndGlobalSection
	GlobalSection(ExtensibilityGlobals) = postSolution
		SolutionGuid = {CF4F893A-95DA-4ACB-8FE2-D789E3A65028}
	EndGlobalSection
EndGlobal
