
Microsoft Visual Studio Solution File, Format Version 12.00
# Visual Studio Version 17
VisualStudioVersion = 17.4.33110.190
MinimumVisualStudioVersion = 10.0.40219.1
Project("{FAE04EC0-301F-11D3-BF4B-00C04F79EFBC}") = "JwtDemo", "JwtDemo\JwtDemo.csproj", "{C8B6F20F-3339-4A84-9DB6-B26E698966B1}"
EndProject
Project("{FAE04EC0-301F-11D3-BF4B-00C04F79EFBC}") = "IdentityRazorDemo", "IdentityRazorDemo\IdentityRazorDemo.csproj", "{0E0BD9BC-7B0C-4372-BF66-843E99C3BF85}"
EndProject
Global
	GlobalSection(SolutionConfigurationPlatforms) = preSolution
		Debug|Any CPU = Debug|Any CPU
		Release|Any CPU = Release|Any CPU
	EndGlobalSection
	GlobalSection(ProjectConfigurationPlatforms) = postSolution
		{C8B6F20F-3339-4A84-9DB6-B26E698966B1}.Debug|Any CPU.ActiveCfg = Debug|Any CPU
		{C8B6F20F-3339-4A84-9DB6-B26E698966B1}.Debug|Any CPU.Build.0 = Debug|Any CPU
		{C8B6F20F-3339-4A84-9DB6-B26E698966B1}.Release|Any CPU.ActiveCfg = Release|Any CPU
		{C8B6F20F-3339-4A84-9DB6-B26E698966B1}.Release|Any CPU.Build.0 = Release|Any CPU
		{0E0BD9BC-7B0C-4372-BF66-843E99C3BF85}.Debug|Any CPU.ActiveCfg = Debug|Any CPU
		{0E0BD9BC-7B0C-4372-BF66-843E99C3BF85}.Debug|Any CPU.Build.0 = Debug|Any CPU
		{0E0BD9BC-7B0C-4372-BF66-843E99C3BF85}.Release|Any CPU.ActiveCfg = Release|Any CPU
		{0E0BD9BC-7B0C-4372-BF66-843E99C3BF85}.Release|Any CPU.Build.0 = Release|Any CPU
	EndGlobalSection
	GlobalSection(SolutionProperties) = preSolution
		HideSolutionNode = FALSE
	EndGlobalSection
	GlobalSection(ExtensibilityGlobals) = postSolution
		SolutionGuid = {17A84484-731A-45E5-A9AC-868F6AD341AE}
	EndGlobalSection
EndGlobal
